
Microsoft Visual Studio Solution File, Format Version 12.00
# Visual Studio Version 16
VisualStudioVersion = 16.0.32413.511
MinimumVisualStudioVersion = 10.0.40219.1
Project("{FAE04EC0-301F-11D3-BF4B-00C04F79EFBC}") = "DoAnCongNghePhanMem", "DoAnCongNghePhanMem\DoAnCongNghePhanMem.csproj", "{9545561A-F8C2-4838-B5E4-479D8F0457A5}"
EndProject
Global
	GlobalSection(SolutionConfigurationPlatforms) = preSolution
		Debug|Any CPU = Debug|Any CPU
		Release|Any CPU = Release|Any CPU
	EndGlobalSection
	GlobalSection(ProjectConfigurationPlatforms) = postSolution
		{9545561A-F8C2-4838-B5E4-479D8F0457A5}.Debug|Any CPU.ActiveCfg = Debug|Any CPU
		{9545561A-F8C2-4838-B5E4-479D8F0457A5}.Debug|Any CPU.Build.0 = Debug|Any CPU
		{9545561A-F8C2-4838-B5E4-479D8F0457A5}.Release|Any CPU.ActiveCfg = Release|Any CPU
		{9545561A-F8C2-4838-B5E4-479D8F0457A5}.Release|Any CPU.Build.0 = Release|Any CPU
	EndGlobalSection
	GlobalSection(SolutionProperties) = preSolution
		HideSolutionNode = FALSE
	EndGlobalSection
	GlobalSection(ExtensibilityGlobals) = postSolution
		SolutionGuid = {9870336B-6BA8-4187-9361-B5128F4E3FF3}
	EndGlobalSection
EndGlobal
